<?xml version="1.0" encoding="utf-8"?>
<Project ToolsVersion="4.0" xmlns="http://schemas.microsoft.com/developer/msbuild/2003">
  <ItemGroup>
    <Filter Include="Source Files">
      <UniqueIdentifier>{4FC737F1-C7A5-4376-A066-2A32D752A2FF}</UniqueIdentifier>
      <Extensions>cpp;c;cc;cxx;def;odl;idl;hpj;bat;asm;asmx</Extensions>
    </Filter>
    <Filter Include="Header Files">
      <UniqueIdentifier>{93995380-89BD-4b04-88EB-625FBE52EBFB}</UniqueIdentifier>
      <Extensions>h;hh;hpp;hxx;hm;inl;inc;xsd</Extensions>
    </Filter>
    <Filter Include="Resource Files">
      <UniqueIdentifier>{67DA6AB6-F800-4c08-8B7A-83BB121AAD01}</UniqueIdentifier>
      <Extensions>rc;ico;cur;bmp;dlg;rc2;rct;bin;rgs;gif;jpg;jpeg;jpe;resx;tiff;tif;png;wav;mfcribbon-ms</Extensions>
    </Filter>
    <Filter Include="Header Files\Serial">
      <UniqueIdentifier>{07d92b33-c560-467e-807b-fda26fe13f28}</UniqueIdentifier>
    </Filter>
    <Filter Include="Source Files\Serial">
      <UniqueIdentifier>{ffd4c84c-8ec2-4652-b37e-5723a4e69a90}</UniqueIdentifier>
    </Filter>
    <Filter Include="Header Files\common">
      <UniqueIdentifier>{779956e8-2b8e-4f46-9676-d61206d439be}</UniqueIdentifier>
    </Filter>
    <Filter Include="Source Files\common">
      <UniqueIdentifier>{cb3eee0d-52c4-4eec-9776-610619712b75}</UniqueIdentifier>
    </Filter>
    <Filter Include="Header Files\MIDI">
      <UniqueIdentifier>{38a93f7f-906a-4a24-b3a4-143cb53e4141}</UniqueIdentifier>
    </Filter>
    <Filter Include="Source Files\MIDI">
      <UniqueIdentifier>{f5140b03-9b16-42b3-8809-4c18351f7d4d}</UniqueIdentifier>
    </Filter>
    <Filter Include="Header Files\Motion">
      <UniqueIdentifier>{6007365d-5b35-4630-8fed-eb17bb9dee83}</UniqueIdentifier>
    </Filter>
    <Filter Include="Source Files\Motion">
      <UniqueIdentifier>{d91b722e-530b-463f-9a0f-0740751bc2d4}</UniqueIdentifier>
    </Filter>
  </ItemGroup>
  <ItemGroup>
    <ClInclude Include="Formatter.h">
      <Filter>Header Files</Filter>
    </ClInclude>
    <ClInclude Include="Glove.h">
      <Filter>Header Files</Filter>
    </ClInclude>
    <ClInclude Include="SerialPort.h">
      <Filter>Header Files\Serial</Filter>
    </ClInclude>
    <ClInclude Include="BluetoothSPP.h">
      <Filter>Header Files\Serial</Filter>
    </ClInclude>
    <ClInclude Include="BluetoothGuard.h">
      <Filter>Header Files\Serial</Filter>
    </ClInclude>
    <ClInclude Include="ArmPart.h">
      <Filter>Header Files\Motion</Filter>
    </ClInclude>
    <ClInclude Include="EulerAngle.h">
      <Filter>Header Files\Motion</Filter>
    </ClInclude>
    <ClInclude Include="Finger.h">
      <Filter>Header Files\Motion</Filter>
    </ClInclude>
    <ClInclude Include="Hand.h">
      <Filter>Header Files\Motion</Filter>
    </ClInclude>
    <ClInclude Include="HandTranslation.h">
      <Filter>Header Files\Motion</Filter>
    </ClInclude>
    <ClInclude Include="Quaternion.h">
      <Filter>Header Files\Motion</Filter>
    </ClInclude>
    <ClInclude Include="..\..\common\Command.h">
      <Filter>Header Files\common</Filter>
    </ClInclude>
    <ClInclude Include="..\..\common\Context.h">
      <Filter>Header Files\common</Filter>
    </ClInclude>
    <ClInclude Include="..\..\common\Deserializer.h">
      <Filter>Header Files\common</Filter>
    </ClInclude>
    <ClInclude Include="..\..\common\HandshakeCommand.h">
      <Filter>Header Files\common</Filter>
    </ClInclude>
    <ClInclude Include="..\..\common\ISerializeable.h">
      <Filter>Header Files\common</Filter>
    </ClInclude>
    <ClInclude Include="..\..\common\ISerialPort.h">
      <Filter>Header Files\common</Filter>
    </ClInclude>
    <ClInclude Include="..\..\common\LSM9DS0.h">
      <Filter>Header Files\common</Filter>
    </ClInclude>
    <ClInclude Include="..\..\common\Platform.h">
      <Filter>Header Files\common</Filter>
    </ClInclude>
    <ClInclude Include="..\..\common\Readout.h">
      <Filter>Header Files\common</Filter>
    </ClInclude>
    <ClInclude Include="..\..\common\ReadoutCommand.h">
      <Filter>Header Files\common</Filter>
    </ClInclude>
    <ClInclude Include="..\..\common\Serialization.h">
      <Filter>Header Files\common</Filter>
    </ClInclude>
    <ClInclude Include="..\..\common\Serializer.h">
      <Filter>Header Files\common</Filter>
    </ClInclude>
    <ClInclude Include="..\..\common\StopWatchCommand.h">
      <Filter>Header Files\common</Filter>
    </ClInclude>
    <ClInclude Include="..\..\common\VibrationPeriodCommand.h">
      <Filter>Header Files\common</Filter>
    </ClInclude>
    <ClInclude Include="..\..\common\Export.h">
      <Filter>Header Files\common</Filter>
    </ClInclude>
    <ClInclude Include="Visualization.h">
      <Filter>Header Files</Filter>
    </ClInclude>
    <ClInclude Include="Temperature.h">
      <Filter>Header Files\Motion</Filter>
    </ClInclude>
    <ClInclude Include="..\..\common\TemperatureCommand.h">
      <Filter>Header Files\common</Filter>
    </ClInclude>
    <ClInclude Include="..\..\common\Vector.h">
      <Filter>Header Files\common</Filter>
    </ClInclude>
    <ClInclude Include="..\..\common\SetCalibrationCommand.h">
      <Filter>Header Files\common</Filter>
    </ClInclude>
    <ClInclude Include="..\..\common\StartReadoutCommand.h">
      <Filter>Header Files\common</Filter>
    </ClInclude>
    <ClInclude Include="..\..\common\StopReadoutCommand.h">
      <Filter>Header Files\common</Filter>
    </ClInclude>
    <ClInclude Include="..\..\common\MeanAnswer.h">
      <Filter>Header Files\common</Filter>
    </ClInclude>
    <ClInclude Include="..\..\common\MeanCommand.h">
      <Filter>Header Files\common</Filter>
    </ClInclude>
    <ClInclude Include="..\..\common\HeadingAnswer.h">
      <Filter>Header Files\common</Filter>
    </ClInclude>
    <ClInclude Include="..\..\common\HeadingCommand.h">
      <Filter>Header Files\common</Filter>
    </ClInclude>
    <ClInclude Include="..\..\common\Matrix.h">
      <Filter>Header Files\common</Filter>
    </ClInclude>
    <ClInclude Include="..\..\common\SendCalibrationCommand.h">
      <Filter>Header Files\common</Filter>
    </ClInclude>
    <ClInclude Include="Battery.h">
      <Filter>Header Files</Filter>
    </ClInclude>
    <ClInclude Include="..\..\common\SendBatteryChargeCommand.h">
      <Filter>Header Files\common</Filter>
    </ClInclude>
    <ClInclude Include="..\..\common\References.h">
      <Filter>Header Files\common</Filter>
    </ClInclude>
    <ClInclude Include="..\..\common\SharedPointer.h">
      <Filter>Header Files\common</Filter>
    </ClInclude>
    <ClInclude Include="..\..\common\DummyCommand.h">
      <Filter>Header Files\common</Filter>
    </ClInclude>
    <ClInclude Include="..\..\common\IntegrateGCommand.h">
      <Filter>Header Files\common</Filter>
    </ClInclude>
    <ClInclude Include="..\..\common\IntegrateGAnswer.h">
      <Filter>Header Files\common</Filter>
    </ClInclude>
    <ClInclude Include="MARG.h">
      <Filter>Header Files\Motion</Filter>
    </ClInclude>
    <ClInclude Include="MARGRotation.h">
      <Filter>Header Files\Motion</Filter>
    </ClInclude>
    <ClInclude Include="MARGRotationFactory.h">
      <Filter>Header Files\Motion</Filter>
    </ClInclude>
    <ClInclude Include="MARGRotationMadgwick.h">
      <Filter>Header Files\Motion</Filter>
    </ClInclude>
    <ClInclude Include="MARGRotationMahony.h">
      <Filter>Header Files\Motion</Filter>
    </ClInclude>
    <ClInclude Include="..\..\common\MARGConfiguration.h">
      <Filter>Header Files\common</Filter>
    </ClInclude>
    <ClInclude Include="MidiSignal.h">
      <Filter>Header Files\MIDI</Filter>
    </ClInclude>
    <ClInclude Include="MidiPort.h">
      <Filter>Header Files\MIDI</Filter>
    </ClInclude>
    <ClInclude Include="Midi.h">
      <Filter>Header Files\MIDI</Filter>
    </ClInclude>
    <ClInclude Include="Calibrate.h">
      <Filter>Header Files\Motion</Filter>
    </ClInclude>
    <ClInclude Include="..\..\common\Calibration.h">
      <Filter>Header Files\common</Filter>
    </ClInclude>
    <ClInclude Include="MIDINote.h">
      <Filter>Header Files\MIDI</Filter>
    </ClInclude>
    <ClInclude Include="MIDIController.h">
      <Filter>Header Files\MIDI</Filter>
    </ClInclude>
    <ClInclude Include="System.h">
      <Filter>Header Files</Filter>
    </ClInclude>
    <ClInclude Include="Timer.h">
      <Filter>Header Files</Filter>
    </ClInclude>
    <ClInclude Include="Motion.h">
      <Filter>Header Files\Motion</Filter>
    </ClInclude>
  </ItemGroup>
  <ItemGroup>
    <ClCompile Include="dllmain.cpp">
      <Filter>Source Files</Filter>
    </ClCompile>
    <ClCompile Include="Glove.cpp">
      <Filter>Source Files</Filter>
    </ClCompile>
    <ClCompile Include="BluetoothGuard.cpp">
      <Filter>Source Files\Serial</Filter>
    </ClCompile>
    <ClCompile Include="BluetoothSPP.cpp">
      <Filter>Source Files\Serial</Filter>
    </ClCompile>
    <ClCompile Include="SerialPort.cpp">
      <Filter>Source Files\Serial</Filter>
    </ClCompile>
    <ClCompile Include="ArmPart.cpp">
      <Filter>Source Files\Motion</Filter>
    </ClCompile>
    <ClCompile Include="EulerAngle.cpp">
      <Filter>Source Files\Motion</Filter>
    </ClCompile>
    <ClCompile Include="Finger.cpp">
      <Filter>Source Files\Motion</Filter>
    </ClCompile>
    <ClCompile Include="Hand.cpp">
      <Filter>Source Files\Motion</Filter>
    </ClCompile>
    <ClCompile Include="HandTranslation.cpp">
      <Filter>Source Files\Motion</Filter>
    </ClCompile>
    <ClCompile Include="Quaternion.cpp">
      <Filter>Source Files\Motion</Filter>
    </ClCompile>
    <ClCompile Include="..\..\common\Command.cpp">
      <Filter>Source Files\common</Filter>
    </ClCompile>
    <ClCompile Include="..\..\common\HandshakeCommand.cpp">
      <Filter>Source Files\common</Filter>
    </ClCompile>
    <ClCompile Include="..\..\common\Readout.cpp">
      <Filter>Source Files\common</Filter>
    </ClCompile>
    <ClCompile Include="..\..\common\ReadoutCommand.cpp">
      <Filter>Source Files\common</Filter>
    </ClCompile>
    <ClCompile Include="..\..\common\StopWatchCommand.cpp">
      <Filter>Source Files\common</Filter>
    </ClCompile>
    <ClCompile Include="..\..\common\VibrationPeriodCommand.cpp">
      <Filter>Source Files\common</Filter>
    </ClCompile>
    <ClCompile Include="Visualization.cpp">
      <Filter>Source Files</Filter>
    </ClCompile>
    <ClCompile Include="Temperature.cpp">
      <Filter>Source Files\Motion</Filter>
    </ClCompile>
    <ClCompile Include="..\..\common\TemperatureCommand.cpp">
      <Filter>Source Files\common</Filter>
    </ClCompile>
    <ClCompile Include="..\..\common\SetCalibrationCommand.cpp">
      <Filter>Source Files\common</Filter>
    </ClCompile>
    <ClCompile Include="..\..\common\StartReadoutCommand.cpp">
      <Filter>Source Files\common</Filter>
    </ClCompile>
    <ClCompile Include="..\..\common\StopReadoutCommand.cpp">
      <Filter>Source Files\common</Filter>
    </ClCompile>
    <ClCompile Include="..\..\common\MeanAnswer.cpp">
      <Filter>Source Files\common</Filter>
    </ClCompile>
    <ClCompile Include="..\..\common\MeanCommand.cpp">
      <Filter>Source Files\common</Filter>
    </ClCompile>
    <ClCompile Include="..\..\common\HeadingAnswer.cpp">
      <Filter>Source Files\common</Filter>
    </ClCompile>
    <ClCompile Include="..\..\common\HeadingCommand.cpp">
      <Filter>Source Files\common</Filter>
    </ClCompile>
    <ClCompile Include="..\..\common\SendCalibrationCommand.cpp">
      <Filter>Source Files\common</Filter>
    </ClCompile>
    <ClCompile Include="Battery.cpp">
      <Filter>Source Files</Filter>
    </ClCompile>
    <ClCompile Include="..\..\common\SendBatteryChargeCommand.cpp">
      <Filter>Source Files\common</Filter>
    </ClCompile>
    <ClCompile Include="..\..\common\Serialization.cpp">
      <Filter>Source Files\common</Filter>
    </ClCompile>
    <ClCompile Include="..\..\common\References.cpp">
      <Filter>Source Files\common</Filter>
    </ClCompile>
    <ClCompile Include="..\..\common\Deserializer.cpp">
      <Filter>Source Files\common</Filter>
    </ClCompile>
    <ClCompile Include="..\..\common\Serializer.cpp">
      <Filter>Source Files\common</Filter>
    </ClCompile>
    <ClCompile Include="..\..\common\DummyCommand.cpp">
      <Filter>Source Files\common</Filter>
    </ClCompile>
    <ClCompile Include="..\..\common\IntegrateGCommand.cpp">
      <Filter>Source Files\common</Filter>
    </ClCompile>
    <ClCompile Include="..\..\common\IntegrateGAnswer.cpp">
      <Filter>Source Files\common</Filter>
    </ClCompile>
    <ClCompile Include="MARG.cpp">
      <Filter>Source Files\Motion</Filter>
    </ClCompile>
    <ClCompile Include="MARGRotation.cpp">
      <Filter>Source Files\Motion</Filter>
    </ClCompile>
    <ClCompile Include="MARGRotationFactory.cpp">
      <Filter>Source Files\Motion</Filter>
    </ClCompile>
    <ClCompile Include="MARGRotationMadgwick.cpp">
      <Filter>Source Files\Motion</Filter>
    </ClCompile>
    <ClCompile Include="MARGRotationMahony.cpp">
      <Filter>Source Files\Motion</Filter>
    </ClCompile>
    <ClCompile Include="..\..\common\MARGConfiguration.cpp">
      <Filter>Source Files\common</Filter>
    </ClCompile>
    <ClCompile Include="Midi.cpp">
      <Filter>Source Files\MIDI</Filter>
    </ClCompile>
    <ClCompile Include="MidiPort.cpp">
      <Filter>Source Files\MIDI</Filter>
    </ClCompile>
    <ClCompile Include="MidiSignal.cpp">
      <Filter>Source Files\MIDI</Filter>
    </ClCompile>
    <ClCompile Include="Calibrate.cpp">
      <Filter>Source Files\Motion</Filter>
    </ClCompile>
    <ClCompile Include="..\..\common\Calibration.cpp">
      <Filter>Source Files\common</Filter>
    </ClCompile>
    <ClCompile Include="MIDINote.cpp">
      <Filter>Source Files\MIDI</Filter>
    </ClCompile>
    <ClCompile Include="MIDIController.cpp">
      <Filter>Source Files\MIDI</Filter>
    </ClCompile>
    <ClCompile Include="Timer.cpp">
      <Filter>Source Files</Filter>
    </ClCompile>
    <ClCompile Include="Motion.cpp">
      <Filter>Source Files\Motion</Filter>
    </ClCompile>
  </ItemGroup>
</Project>